
Microsoft Visual Studio Solution File, Format Version 12.00
# Visual Studio Version 17
VisualStudioVersion = 17.13.35825.156 d17.13
MinimumVisualStudioVersion = 10.0.40219.1
Project("{FAE04EC0-301F-11D3-BF4B-00C04F79EFBC}") = "Company.G03.PL", "Company.G03.PL\Company.G03.PL.csproj", "{B7FEB8B8-D069-4F9C-82B9-E6F219442878}"
EndProject
Project("{FAE04EC0-301F-11D3-BF4B-00C04F79EFBC}") = "Company.G03.DAL", "Company.G03.DAL\Company.G03.DAL.csproj", "{5F69E432-4540-4843-B53C-ECFB9F7C6DCF}"
EndProject
Project("{FAE04EC0-301F-11D3-BF4B-00C04F79EFBC}") = "Company.G03.BLL", "Company.G03.BLL\Company.G03.BLL.csproj", "{A4D32C79-4CD1-459C-94E1-9007A045A96D}"
EndProject
Global
	GlobalSection(SolutionConfigurationPlatforms) = preSolution
		Debug|Any CPU = Debug|Any CPU
		Release|Any CPU = Release|Any CPU
	EndGlobalSection
	GlobalSection(ProjectConfigurationPlatforms) = postSolution
		{B7FEB8B8-D069-4F9C-82B9-E6F219442878}.Debug|Any CPU.ActiveCfg = Debug|Any CPU
		{B7FEB8B8-D069-4F9C-82B9-E6F219442878}.Debug|Any CPU.Build.0 = Debug|Any CPU
		{B7FEB8B8-D069-4F9C-82B9-E6F219442878}.Release|Any CPU.ActiveCfg = Release|Any CPU
		{B7FEB8B8-D069-4F9C-82B9-E6F219442878}.Release|Any CPU.Build.0 = Release|Any CPU
		{5F69E432-4540-4843-B53C-ECFB9F7C6DCF}.Debug|Any CPU.ActiveCfg = Debug|Any CPU
		{5F69E432-4540-4843-B53C-ECFB9F7C6DCF}.Debug|Any CPU.Build.0 = Debug|Any CPU
		{5F69E432-4540-4843-B53C-ECFB9F7C6DCF}.Release|Any CPU.ActiveCfg = Release|Any CPU
		{5F69E432-4540-4843-B53C-ECFB9F7C6DCF}.Release|Any CPU.Build.0 = Release|Any CPU
		{A4D32C79-4CD1-459C-94E1-9007A045A96D}.Debug|Any CPU.ActiveCfg = Debug|Any CPU
		{A4D32C79-4CD1-459C-94E1-9007A045A96D}.Debug|Any CPU.Build.0 = Debug|Any CPU
		{A4D32C79-4CD1-459C-94E1-9007A045A96D}.Release|Any CPU.ActiveCfg = Release|Any CPU
		{A4D32C79-4CD1-459C-94E1-9007A045A96D}.Release|Any CPU.Build.0 = Release|Any CPU
	EndGlobalSection
	GlobalSection(SolutionProperties) = preSolution
		HideSolutionNode = FALSE
	EndGlobalSection
	GlobalSection(ExtensibilityGlobals) = postSolution
		SolutionGuid = {3665EBBE-DA00-4D89-8C13-A48DF98EEF1D}
	EndGlobalSection
EndGlobal
